
Microsoft Visual Studio Solution File, Format Version 12.00
# Visual Studio Version 16
VisualStudioVersion = 16.0.32228.343
MinimumVisualStudioVersion = 10.0.40219.1
Project("{9A19103F-16F7-4668-BE54-9A1E7A4F7556}") = "OdevKayit", "OdevKayit\OdevKayit.csproj", "{27BF5517-3DBD-49B6-A311-E2EA5CEE6E47}"
EndProject
Global
	GlobalSection(SolutionConfigurationPlatforms) = preSolution
		Debug|Any CPU = Debug|Any CPU
		Release|Any CPU = Release|Any CPU
	EndGlobalSection
	GlobalSection(ProjectConfigurationPlatforms) = postSolution
		{27BF5517-3DBD-49B6-A311-E2EA5CEE6E47}.Debug|Any CPU.ActiveCfg = Debug|Any CPU
		{27BF5517-3DBD-49B6-A311-E2EA5CEE6E47}.Debug|Any CPU.Build.0 = Debug|Any CPU
		{27BF5517-3DBD-49B6-A311-E2EA5CEE6E47}.Release|Any CPU.ActiveCfg = Release|Any CPU
		{27BF5517-3DBD-49B6-A311-E2EA5CEE6E47}.Release|Any CPU.Build.0 = Release|Any CPU
	EndGlobalSection
	GlobalSection(SolutionProperties) = preSolution
		HideSolutionNode = FALSE
	EndGlobalSection
	GlobalSection(ExtensibilityGlobals) = postSolution
		SolutionGuid = {2ED02972-0185-442F-ACB5-ECECC2951D03}
	EndGlobalSection
EndGlobal
